// !$*UTF8*$!
{
	archiveVersion = 1;
	classes = {
	};
	objectVersion = 46;
	objects = {

/* Begin PBXBuildFile section */
		3252D4112A02127332E6AD06 /* libPods-repositoryDemo.a in Frameworks */ = {isa = PBXBuildFile; fileRef = 12256D8F9FEB5B469D654D6E /* libPods-repositoryDemo.a */; };
		D40F587F1F440E4C003139ED /* ZCBaseControl.m in Sources */ = {isa = PBXBuildFile; fileRef = D40F587C1F440E4C003139ED /* ZCBaseControl.m */; };
		D40F58801F440E4C003139ED /* ZCBaseView.m in Sources */ = {isa = PBXBuildFile; fileRef = D40F587E1F440E4C003139ED /* ZCBaseView.m */; };
		D40F58851F440E9C003139ED /* TableView.m in Sources */ = {isa = PBXBuildFile; fileRef = D40F58821F440E9C003139ED /* TableView.m */; };
		D40F58861F440E9C003139ED /* TableViewCell.m in Sources */ = {isa = PBXBuildFile; fileRef = D40F58841F440E9C003139ED /* TableViewCell.m */; };
		D46FBF1A1F440C0900AA2005 /* main.m in Sources */ = {isa = PBXBuildFile; fileRef = D46FBF191F440C0900AA2005 /* main.m */; };
		D46FBF231F440C0900AA2005 /* Main.storyboard in Resources */ = {isa = PBXBuildFile; fileRef = D46FBF211F440C0900AA2005 /* Main.storyboard */; };
		D46FBF251F440C0900AA2005 /* Assets.xcassets in Resources */ = {isa = PBXBuildFile; fileRef = D46FBF241F440C0900AA2005 /* Assets.xcassets */; };
		D46FBF281F440C0900AA2005 /* LaunchScreen.storyboard in Resources */ = {isa = PBXBuildFile; fileRef = D46FBF261F440C0900AA2005 /* LaunchScreen.storyboard */; };
		D46FBF331F440C0A00AA2005 /* repositoryDemoTests.m in Sources */ = {isa = PBXBuildFile; fileRef = D46FBF321F440C0A00AA2005 /* repositoryDemoTests.m */; };
		D46FBF3E1F440C0A00AA2005 /* repositoryDemoUITests.m in Sources */ = {isa = PBXBuildFile; fileRef = D46FBF3D1F440C0A00AA2005 /* repositoryDemoUITests.m */; };
		D46FBF531F440C5C00AA2005 /* AppDelegate.m in Sources */ = {isa = PBXBuildFile; fileRef = D46FBF4D1F440C5C00AA2005 /* AppDelegate.m */; };
		D46FBF541F440C5C00AA2005 /* ViewController.m in Sources */ = {isa = PBXBuildFile; fileRef = D46FBF4F1F440C5C00AA2005 /* ViewController.m */; };
		D46FBF551F440C5C00AA2005 /* UIView+Masonry_ZC.m in Sources */ = {isa = PBXBuildFile; fileRef = D46FBF521F440C5C00AA2005 /* UIView+Masonry_ZC.m */; };
/* End PBXBuildFile section */

/* Begin PBXContainerItemProxy section */
		D46FBF2F1F440C0A00AA2005 /* PBXContainerItemProxy */ = {
			isa = PBXContainerItemProxy;
			containerPortal = D46FBF0D1F440C0900AA2005 /* Project object */;
			proxyType = 1;
			remoteGlobalIDString = D46FBF141F440C0900AA2005;
			remoteInfo = repositoryDemo;
		};
		D46FBF3A1F440C0A00AA2005 /* PBXContainerItemProxy */ = {
			isa = PBXContainerItemProxy;
			containerPortal = D46FBF0D1F440C0900AA2005 /* Project object */;
			proxyType = 1;
			remoteGlobalIDString = D46FBF141F440C0900AA2005;
			remoteInfo = repositoryDemo;
		};
/* End PBXContainerItemProxy section */

/* Begin PBXFileReference section */
		12256D8F9FEB5B469D654D6E /* libPods-repositoryDemo.a */ = {isa = PBXFileReference; explicitFileType = archive.ar; includeInIndex = 0; path = "libPods-repositoryDemo.a"; sourceTree = BUILT_PRODUCTS_DIR; };
		4ADF20037081D31662CFA010 /* Pods-repositoryDemo.release.xcconfig */ = {isa = PBXFileReference; includeInIndex = 1; lastKnownFileType = text.xcconfig; name = "Pods-repositoryDemo.release.xcconfig"; path = "Pods/Target Support Files/Pods-repositoryDemo/Pods-repositoryDemo.release.xcconfig"; sourceTree = "<group>"; };
		D40F587B1F440E4C003139ED /* ZCBaseControl.h */ = {isa = PBXFileReference; fileEncoding = 4; lastKnownFileType = sourcecode.c.h; path = ZCBaseControl.h; sourceTree = "<group>"; };
		D40F587C1F440E4C003139ED /* ZCBaseControl.m */ = {isa = PBXFileReference; fileEncoding = 4; lastKnownFileType = sourcecode.c.objc; path = ZCBaseControl.m; sourceTree = "<group>"; };
		D40F587D1F440E4C003139ED /* ZCBaseView.h */ = {isa = PBXFileReference; fileEncoding = 4; lastKnownFileType = sourcecode.c.h; path = ZCBaseView.h; sourceTree = "<group>"; };
		D40F587E1F440E4C003139ED /* ZCBaseView.m */ = {isa = PBXFileReference; fileEncoding = 4; lastKnownFileType = sourcecode.c.objc; path = ZCBaseView.m; sourceTree = "<group>"; };
		D40F58811F440E9C003139ED /* TableView.h */ = {isa = PBXFileReference; fileEncoding = 4; lastKnownFileType = sourcecode.c.h; path = TableView.h; sourceTree = "<group>"; };
		D40F58821F440E9C003139ED /* TableView.m */ = {isa = PBXFileReference; fileEncoding = 4; lastKnownFileType = sourcecode.c.objc; path = TableView.m; sourceTree = "<group>"; };
		D40F58831F440E9C003139ED /* TableViewCell.h */ = {isa = PBXFileReference; fileEncoding = 4; lastKnownFileType = sourcecode.c.h; path = TableViewCell.h; sourceTree = "<group>"; };
		D40F58841F440E9C003139ED /* TableViewCell.m */ = {isa = PBXFileReference; fileEncoding = 4; lastKnownFileType = sourcecode.c.objc; path = TableViewCell.m; sourceTree = "<group>"; };
		D46FBF151F440C0900AA2005 /* repositoryDemo.app */ = {isa = PBXFileReference; explicitFileType = wrapper.application; includeInIndex = 0; path = repositoryDemo.app; sourceTree = BUILT_PRODUCTS_DIR; };
		D46FBF191F440C0900AA2005 /* main.m */ = {isa = PBXFileReference; lastKnownFileType = sourcecode.c.objc; path = main.m; sourceTree = "<group>"; };
		D46FBF221F440C0900AA2005 /* Base */ = {isa = PBXFileReference; lastKnownFileType = file.storyboard; name = Base; path = Base.lproj/Main.storyboard; sourceTree = "<group>"; };
		D46FBF241F440C0900AA2005 /* Assets.xcassets */ = {isa = PBXFileReference; lastKnownFileType = folder.assetcatalog; path = Assets.xcassets; sourceTree = "<group>"; };
		D46FBF271F440C0900AA2005 /* Base */ = {isa = PBXFileReference; lastKnownFileType = file.storyboard; name = Base; path = Base.lproj/LaunchScreen.storyboard; sourceTree = "<group>"; };
		D46FBF291F440C0900AA2005 /* Info.plist */ = {isa = PBXFileReference; lastKnownFileType = text.plist.xml; path = Info.plist; sourceTree = "<group>"; };
		D46FBF2E1F440C0A00AA2005 /* repositoryDemoTests.xctest */ = {isa = PBXFileReference; explicitFileType = wrapper.cfbundle; includeInIndex = 0; path = repositoryDemoTests.xctest; sourceTree = BUILT_PRODUCTS_DIR; };
		D46FBF321F440C0A00AA2005 /* repositoryDemoTests.m */ = {isa = PBXFileReference; lastKnownFileType = sourcecode.c.objc; path = repositoryDemoTests.m; sourceTree = "<group>"; };
		D46FBF341F440C0A00AA2005 /* Info.plist */ = {isa = PBXFileReference; lastKnownFileType = text.plist.xml; path = Info.plist; sourceTree = "<group>"; };
		D46FBF391F440C0A00AA2005 /* repositoryDemoUITests.xctest */ = {isa = PBXFileReference; explicitFileType = wrapper.cfbundle; includeInIndex = 0; path = repositoryDemoUITests.xctest; sourceTree = BUILT_PRODUCTS_DIR; };
		D46FBF3D1F440C0A00AA2005 /* repositoryDemoUITests.m */ = {isa = PBXFileReference; lastKnownFileType = sourcecode.c.objc; path = repositoryDemoUITests.m; sourceTree = "<group>"; };
		D46FBF3F1F440C0A00AA2005 /* Info.plist */ = {isa = PBXFileReference; lastKnownFileType = text.plist.xml; path = Info.plist; sourceTree = "<group>"; };
		D46FBF4C1F440C5C00AA2005 /* AppDelegate.h */ = {isa = PBXFileReference; fileEncoding = 4; lastKnownFileType = sourcecode.c.h; path = AppDelegate.h; sourceTree = "<group>"; };
		D46FBF4D1F440C5C00AA2005 /* AppDelegate.m */ = {isa = PBXFileReference; fileEncoding = 4; lastKnownFileType = sourcecode.c.objc; path = AppDelegate.m; sourceTree = "<group>"; };
		D46FBF4E1F440C5C00AA2005 /* ViewController.h */ = {isa = PBXFileReference; fileEncoding = 4; lastKnownFileType = sourcecode.c.h; path = ViewController.h; sourceTree = "<group>"; };
		D46FBF4F1F440C5C00AA2005 /* ViewController.m */ = {isa = PBXFileReference; fileEncoding = 4; lastKnownFileType = sourcecode.c.objc; path = ViewController.m; sourceTree = "<group>"; };
		D46FBF511F440C5C00AA2005 /* UIView+Masonry_ZC.h */ = {isa = PBXFileReference; fileEncoding = 4; lastKnownFileType = sourcecode.c.h; path = "UIView+Masonry_ZC.h"; sourceTree = "<group>"; };
		D46FBF521F440C5C00AA2005 /* UIView+Masonry_ZC.m */ = {isa = PBXFileReference; fileEncoding = 4; lastKnownFileType = sourcecode.c.objc; path = "UIView+Masonry_ZC.m"; sourceTree = "<group>"; };
		ECA75674032FD433E5EA9581 /* Pods-repositoryDemo.debug.xcconfig */ = {isa = PBXFileReference; includeInIndex = 1; lastKnownFileType = text.xcconfig; name = "Pods-repositoryDemo.debug.xcconfig"; path = "Pods/Target Support Files/Pods-repositoryDemo/Pods-repositoryDemo.debug.xcconfig"; sourceTree = "<group>"; };
/* End PBXFileReference section */

/* Begin PBXFrameworksBuildPhase section */
		D46FBF121F440C0900AA2005 /* Frameworks */ = {
			isa = PBXFrameworksBuildPhase;
			buildActionMask = 2147483647;
			files = (
				3252D4112A02127332E6AD06 /* libPods-repositoryDemo.a in Frameworks */,
			);
			runOnlyForDeploymentPostprocessing = 0;
		};
		D46FBF2B1F440C0A00AA2005 /* Frameworks */ = {
			isa = PBXFrameworksBuildPhase;
			buildActionMask = 2147483647;
			files = (
			);
			runOnlyForDeploymentPostprocessing = 0;
		};
		D46FBF361F440C0A00AA2005 /* Frameworks */ = {
			isa = PBXFrameworksBuildPhase;
			buildActionMask = 2147483647;
			files = (
			);
			runOnlyForDeploymentPostprocessing = 0;
		};
/* End PBXFrameworksBuildPhase section */

/* Begin PBXGroup section */
		9A47542FA416073AB54FCAB0 /* Pods */ = {
			isa = PBXGroup;
			children = (
				ECA75674032FD433E5EA9581 /* Pods-repositoryDemo.debug.xcconfig */,
				4ADF20037081D31662CFA010 /* Pods-repositoryDemo.release.xcconfig */,
			);
			name = Pods;
			sourceTree = "<group>";
		};
		D0ACACD243D2FE42EB37227C /* Frameworks */ = {
			isa = PBXGroup;
			children = (
				12256D8F9FEB5B469D654D6E /* libPods-repositoryDemo.a */,
			);
			name = Frameworks;
			sourceTree = "<group>";
		};
		D46FBF0C1F440C0900AA2005 = {
			isa = PBXGroup;
			children = (
				D46FBF171F440C0900AA2005 /* repositoryDemo */,
				D46FBF311F440C0A00AA2005 /* repositoryDemoTests */,
				D46FBF3C1F440C0A00AA2005 /* repositoryDemoUITests */,
				D46FBF161F440C0900AA2005 /* Products */,
				9A47542FA416073AB54FCAB0 /* Pods */,
				D0ACACD243D2FE42EB37227C /* Frameworks */,
			);
			sourceTree = "<group>";
		};
		D46FBF161F440C0900AA2005 /* Products */ = {
			isa = PBXGroup;
			children = (
				D46FBF151F440C0900AA2005 /* repositoryDemo.app */,
				D46FBF2E1F440C0A00AA2005 /* repositoryDemoTests.xctest */,
				D46FBF391F440C0A00AA2005 /* repositoryDemoUITests.xctest */,
			);
			name = Products;
			sourceTree = "<group>";
		};
		D46FBF171F440C0900AA2005 /* repositoryDemo */ = {
			isa = PBXGroup;
			children = (
				D40F58811F440E9C003139ED /* TableView.h */,
				D40F58821F440E9C003139ED /* TableView.m */,
				D40F58831F440E9C003139ED /* TableViewCell.h */,
				D40F58841F440E9C003139ED /* TableViewCell.m */,
				D46FBF4B1F440C5C00AA2005 /* AppDelegate */,
				D46FBF501F440C5C00AA2005 /* Other */,
				D46FBF211F440C0900AA2005 /* Main.storyboard */,
				D46FBF241F440C0900AA2005 /* Assets.xcassets */,
				D46FBF261F440C0900AA2005 /* LaunchScreen.storyboard */,
				D46FBF291F440C0900AA2005 /* Info.plist */,
				D46FBF181F440C0900AA2005 /* Supporting Files */,
			);
			path = repositoryDemo;
			sourceTree = "<group>";
		};
		D46FBF181F440C0900AA2005 /* Supporting Files */ = {
			isa = PBXGroup;
			children = (
				D46FBF191F440C0900AA2005 /* main.m */,
			);
			name = "Supporting Files";
			sourceTree = "<group>";
		};
		D46FBF311F440C0A00AA2005 /* repositoryDemoTests */ = {
			isa = PBXGroup;
			children = (
				D46FBF321F440C0A00AA2005 /* repositoryDemoTests.m */,
				D46FBF341F440C0A00AA2005 /* Info.plist */,
			);
			path = repositoryDemoTests;
			sourceTree = "<group>";
		};
		D46FBF3C1F440C0A00AA2005 /* repositoryDemoUITests */ = {
			isa = PBXGroup;
			children = (
				D46FBF3D1F440C0A00AA2005 /* repositoryDemoUITests.m */,
				D46FBF3F1F440C0A00AA2005 /* Info.plist */,
			);
			path = repositoryDemoUITests;
			sourceTree = "<group>";
		};
		D46FBF4B1F440C5C00AA2005 /* AppDelegate */ = {
			isa = PBXGroup;
			children = (
				D46FBF4C1F440C5C00AA2005 /* AppDelegate.h */,
				D46FBF4D1F440C5C00AA2005 /* AppDelegate.m */,
				D46FBF4E1F440C5C00AA2005 /* ViewController.h */,
				D46FBF4F1F440C5C00AA2005 /* ViewController.m */,
			);
			path = AppDelegate;
			sourceTree = "<group>";
		};
		D46FBF501F440C5C00AA2005 /* Other */ = {
			isa = PBXGroup;
			children = (
				D46FBF511F440C5C00AA2005 /* UIView+Masonry_ZC.h */,
				D46FBF521F440C5C00AA2005 /* UIView+Masonry_ZC.m */,
				D40F587B1F440E4C003139ED /* ZCBaseControl.h */,
				D40F587C1F440E4C003139ED /* ZCBaseControl.m */,
				D40F587D1F440E4C003139ED /* ZCBaseView.h */,
				D40F587E1F440E4C003139ED /* ZCBaseView.m */,
			);
			path = Other;
			sourceTree = "<group>";
		};
/* End PBXGroup section */

/* Begin PBXNativeTarget section */
		D46FBF141F440C0900AA2005 /* repositoryDemo */ = {
			isa = PBXNativeTarget;
			buildConfigurationList = D46FBF421F440C0A00AA2005 /* Build configuration list for PBXNativeTarget "repositoryDemo" */;
			buildPhases = (
				A362847818BA9B7F19617720 /* [CP] Check Pods Manifest.lock */,
				D46FBF111F440C0900AA2005 /* Sources */,
				D46FBF121F440C0900AA2005 /* Frameworks */,
				D46FBF131F440C0900AA2005 /* Resources */,
				2EA61BD6EFF89AF7C929678C /* [CP] Embed Pods Frameworks */,
				9955F31B934A1E13DD4BA94F /* [CP] Copy Pods Resources */,
			);
			buildRules = (
			);
			dependencies = (
			);
			name = repositoryDemo;
			productName = repositoryDemo;
			productReference = D46FBF151F440C0900AA2005 /* repositoryDemo.app */;
			productType = "com.apple.product-type.application";
		};
		D46FBF2D1F440C0A00AA2005 /* repositoryDemoTests */ = {
			isa = PBXNativeTarget;
			buildConfigurationList = D46FBF451F440C0A00AA2005 /* Build configuration list for PBXNativeTarget "repositoryDemoTests" */;
			buildPhases = (
				D46FBF2A1F440C0A00AA2005 /* Sources */,
				D46FBF2B1F440C0A00AA2005 /* Frameworks */,
				D46FBF2C1F440C0A00AA2005 /* Resources */,
			);
			buildRules = (
			);
			dependencies = (
				D46FBF301F440C0A00AA2005 /* PBXTargetDependency */,
			);
			name = repositoryDemoTests;
			productName = repositoryDemoTests;
			productReference = D46FBF2E1F440C0A00AA2005 /* repositoryDemoTests.xctest */;
			productType = "com.apple.product-type.bundle.unit-test";
		};
		D46FBF381F440C0A00AA2005 /* repositoryDemoUITests */ = {
			isa = PBXNativeTarget;
			buildConfigurationList = D46FBF481F440C0A00AA2005 /* Build configuration list for PBXNativeTarget "repositoryDemoUITests" */;
			buildPhases = (
				D46FBF351F440C0A00AA2005 /* Sources */,
				D46FBF361F440C0A00AA2005 /* Frameworks */,
				D46FBF371F440C0A00AA2005 /* Resources */,
			);
			buildRules = (
			);
			dependencies = (
				D46FBF3B1F440C0A00AA2005 /* PBXTargetDependency */,
			);
			name = repositoryDemoUITests;
			productName = repositoryDemoUITests;
			productReference = D46FBF391F440C0A00AA2005 /* repositoryDemoUITests.xctest */;
			productType = "com.apple.product-type.bundle.ui-testing";
		};
/* End PBXNativeTarget section */

/* Begin PBXProject section */
		D46FBF0D1F440C0900AA2005 /* Project object */ = {
			isa = PBXProject;
			attributes = {
				LastUpgradeCheck = 0800;
				ORGANIZATIONNAME = zhangchao;
				TargetAttributes = {
					D46FBF141F440C0900AA2005 = {
						CreatedOnToolsVersion = 8.0;
						ProvisioningStyle = Automatic;
					};
					D46FBF2D1F440C0A00AA2005 = {
						CreatedOnToolsVersion = 8.0;
						ProvisioningStyle = Automatic;
						TestTargetID = D46FBF141F440C0900AA2005;
					};
					D46FBF381F440C0A00AA2005 = {
						CreatedOnToolsVersion = 8.0;
						ProvisioningStyle = Automatic;
						TestTargetID = D46FBF141F440C0900AA2005;
					};
				};
			};
			buildConfigurationList = D46FBF101F440C0900AA2005 /* Build configuration list for PBXProject "repositoryDemo" */;
			compatibilityVersion = "Xcode 3.2";
			developmentRegion = English;
			hasScannedForEncodings = 0;
			knownRegions = (
				en,
				Base,
			);
			mainGroup = D46FBF0C1F440C0900AA2005;
			productRefGroup = D46FBF161F440C0900AA2005 /* Products */;
			projectDirPath = "";
			projectRoot = "";
			targets = (
				D46FBF141F440C0900AA2005 /* repositoryDemo */,
				D46FBF2D1F440C0A00AA2005 /* repositoryDemoTests */,
				D46FBF381F440C0A00AA2005 /* repositoryDemoUITests */,
			);
		};
/* End PBXProject section */

/* Begin PBXResourcesBuildPhase section */
		D46FBF131F440C0900AA2005 /* Resources */ = {
			isa = PBXResourcesBuildPhase;
			buildActionMask = 2147483647;
			files = (
				D46FBF281F440C0900AA2005 /* LaunchScreen.storyboard in Resources */,
				D46FBF251F440C0900AA2005 /* Assets.xcassets in Resources */,
				D46FBF231F440C0900AA2005 /* Main.storyboard in Resources */,
			);
			runOnlyForDeploymentPostprocessing = 0;
		};
		D46FBF2C1F440C0A00AA2005 /* Resources */ = {
			isa = PBXResourcesBuildPhase;
			buildActionMask = 2147483647;
			files = (
			);
			runOnlyForDeploymentPostprocessing = 0;
		};
		D46FBF371F440C0A00AA2005 /* Resources */ = {
			isa = PBXResourcesBuildPhase;
			buildActionMask = 2147483647;
			files = (
			);
			runOnlyForDeploymentPostprocessing = 0;
		};
/* End PBXResourcesBuildPhase section */

/* Begin PBXShellScriptBuildPhase section */
		2EA61BD6EFF89AF7C929678C /* [CP] Embed Pods Frameworks */ = {
			isa = PBXShellScriptBuildPhase;
			buildActionMask = 2147483647;
			files = (
			);
			inputPaths = (
			);
			name = "[CP] Embed Pods Frameworks";
			outputPaths = (
			);
			runOnlyForDeploymentPostprocessing = 0;
			shellPath = /bin/sh;
			shellScript = "\"${SRCROOT}/Pods/Target Support Files/Pods-repositoryDemo/Pods-repositoryDemo-frameworks.sh\"\n";
			showEnvVarsInLog = 0;
		};
		9955F31B934A1E13DD4BA94F /* [CP] Copy Pods Resources */ = {
			isa = PBXShellScriptBuildPhase;
			buildActionMask = 2147483647;
			files = (
			);
			inputPaths = (
			);
			name = "[CP] Copy Pods Resources";
			outputPaths = (
			);
			runOnlyForDeploymentPostprocessing = 0;
			shellPath = /bin/sh;
			shellScript = "\"${SRCROOT}/Pods/Target Support Files/Pods-repositoryDemo/Pods-repositoryDemo-resources.sh\"\n";
			showEnvVarsInLog = 0;
		};
		A362847818BA9B7F19617720 /* [CP] Check Pods Manifest.lock */ = {
			isa = PBXShellScriptBuildPhase;
			buildActionMask = 2147483647;
			files = (
			);
			inputPaths = (
			);
			name = "[CP] Check Pods Manifest.lock";
			outputPaths = (
			);
			runOnlyForDeploymentPostprocessing = 0;
			shellPath = /bin/sh;
			shellScript = "diff \"${PODS_ROOT}/../Podfile.lock\" \"${PODS_ROOT}/Manifest.lock\" > /dev/null\nif [ $? != 0 ] ; then\n    # print error to STDERR\n    echo \"error: The sandbox is not in sync with the Podfile.lock. Run 'pod install' or update your CocoaPods installation.\" >&2\n    exit 1\nfi\n";
			showEnvVarsInLog = 0;
		};
/* End PBXShellScriptBuildPhase section */

/* Begin PBXSourcesBuildPhase section */
		D46FBF111F440C0900AA2005 /* Sources */ = {
			isa = PBXSourcesBuildPhase;
			buildActionMask = 2147483647;
			files = (
				D46FBF541F440C5C00AA2005 /* ViewController.m in Sources */,
				D40F587F1F440E4C003139ED /* ZCBaseControl.m in Sources */,
				D40F58801F440E4C003139ED /* ZCBaseView.m in Sources */,
				D40F58851F440E9C003139ED /* TableView.m in Sources */,
				D46FBF531F440C5C00AA2005 /* AppDelegate.m in Sources */,
				D40F58861F440E9C003139ED /* TableViewCell.m in Sources */,
				D46FBF1A1F440C0900AA2005 /* main.m in Sources */,
				D46FBF551F440C5C00AA2005 /* UIView+Masonry_ZC.m in Sources */,
			);
			runOnlyForDeploymentPostprocessing = 0;
		};
		D46FBF2A1F440C0A00AA2005 /* Sources */ = {
			isa = PBXSourcesBuildPhase;
			buildActionMask = 2147483647;
			files = (
				D46FBF331F440C0A00AA2005 /* repositoryDemoTests.m in Sources */,
			);
			runOnlyForDeploymentPostprocessing = 0;
		};
		D46FBF351F440C0A00AA2005 /* Sources */ = {
			isa = PBXSourcesBuildPhase;
			buildActionMask = 2147483647;
			files = (
				D46FBF3E1F440C0A00AA2005 /* repositoryDemoUITests.m in Sources */,
			);
			runOnlyForDeploymentPostprocessing = 0;
		};
/* End PBXSourcesBuildPhase section */

/* Begin PBXTargetDependency section */
		D46FBF301F440C0A00AA2005 /* PBXTargetDependency */ = {
			isa = PBXTargetDependency;
			target = D46FBF141F440C0900AA2005 /* repositoryDemo */;
			targetProxy = D46FBF2F1F440C0A00AA2005 /* PBXContainerItemProxy */;
		};
		D46FBF3B1F440C0A00AA2005 /* PBXTargetDependency */ = {
			isa = PBXTargetDependency;
			target = D46FBF141F440C0900AA2005 /* repositoryDemo */;
			targetProxy = D46FBF3A1F440C0A00AA2005 /* PBXContainerItemProxy */;
		};
/* End PBXTargetDependency section */

/* Begin PBXVariantGroup section */
		D46FBF211F440C0900AA2005 /* Main.storyboard */ = {
			isa = PBXVariantGroup;
			children = (
				D46FBF221F440C0900AA2005 /* Base */,
			);
			name = Main.storyboard;
			sourceTree = "<group>";
		};
		D46FBF261F440C0900AA2005 /* LaunchScreen.storyboard */ = {
			isa = PBXVariantGroup;
			children = (
				D46FBF271F440C0900AA2005 /* Base */,
			);
			name = LaunchScreen.storyboard;
			sourceTree = "<group>";
		};
/* End PBXVariantGroup section */

/* Begin XCBuildConfiguration section */
		D46FBF401F440C0A00AA2005 /* Debug */ = {
			isa = XCBuildConfiguration;
			buildSettings = {
				ALWAYS_SEARCH_USER_PATHS = NO;
				CLANG_ANALYZER_NONNULL = YES;
				CLANG_CXX_LANGUAGE_STANDARD = "gnu++0x";
				CLANG_CXX_LIBRARY = "libc++";
				CLANG_ENABLE_MODULES = YES;
				CLANG_ENABLE_OBJC_ARC = YES;
				CLANG_WARN_BOOL_CONVERSION = YES;
				CLANG_WARN_CONSTANT_CONVERSION = YES;
				CLANG_WARN_DIRECT_OBJC_ISA_USAGE = YES_ERROR;
				CLANG_WARN_DOCUMENTATION_COMMENTS = YES;
				CLANG_WARN_EMPTY_BODY = YES;
				CLANG_WARN_ENUM_CONVERSION = YES;
				CLANG_WARN_INFINITE_RECURSION = YES;
				CLANG_WARN_INT_CONVERSION = YES;
				CLANG_WARN_OBJC_ROOT_CLASS = YES_ERROR;
				CLANG_WARN_SUSPICIOUS_MOVES = YES;
				CLANG_WARN_UNREACHABLE_CODE = YES;
				CLANG_WARN__DUPLICATE_METHOD_MATCH = YES;
				"CODE_SIGN_IDENTITY[sdk=iphoneos*]" = "iPhone Developer";
				COPY_PHASE_STRIP = NO;
				DEBUG_INFORMATION_FORMAT = dwarf;
				ENABLE_STRICT_OBJC_MSGSEND = YES;
				ENABLE_TESTABILITY = YES;
				GCC_C_LANGUAGE_STANDARD = gnu99;
				GCC_DYNAMIC_NO_PIC = NO;
				GCC_NO_COMMON_BLOCKS = YES;
				GCC_OPTIMIZATION_LEVEL = 0;
				GCC_PREPROCESSOR_DEFINITIONS = (
					"DEBUG=1",
					"$(inherited)",
				);
				GCC_WARN_64_TO_32_BIT_CONVERSION = YES;
				GCC_WARN_ABOUT_RETURN_TYPE = YES_ERROR;
				GCC_WARN_UNDECLARED_SELECTOR = YES;
				GCC_WARN_UNINITIALIZED_AUTOS = YES_AGGRESSIVE;
				GCC_WARN_UNUSED_FUNCTION = YES;
				GCC_WARN_UNUSED_VARIABLE = YES;
				IPHONEOS_DEPLOYMENT_TARGET = 10.0;
				MTL_ENABLE_DEBUG_INFO = YES;
				ONLY_ACTIVE_ARCH = YES;
				SDKROOT = iphoneos;
				TARGETED_DEVICE_FAMILY = "1,2";
			};
			name = Debug;
		};
		D46FBF411F440C0A00AA2005 /* Release */ = {
			isa = XCBuildConfiguration;
			buildSettings = {
				ALWAYS_SEARCH_USER_PATHS = NO;
				CLANG_ANALYZER_NONNULL = YES;
				CLANG_CXX_LANGUAGE_STANDARD = "gnu++0x";
				CLANG_CXX_LIBRARY = "libc++";
				CLANG_ENABLE_MODULES = YES;
				CLANG_ENABLE_OBJC_ARC = YES;
				CLANG_WARN_BOOL_CONVERSION = YES;
				CLANG_WARN_CONSTANT_CONVERSION = YES;
				CLANG_WARN_DIRECT_OBJC_ISA_USAGE = YES_ERROR;
				CLANG_WARN_DOCUMENTATION_COMMENTS = YES;
				CLANG_WARN_EMPTY_BODY = YES;
				CLANG_WARN_ENUM_CONVERSION = YES;
				CLANG_WARN_INFINITE_RECURSION = YES;
				CLANG_WARN_INT_CONVERSION = YES;
				CLANG_WARN_OBJC_ROOT_CLASS = YES_ERROR;
				CLANG_WARN_SUSPICIOUS_MOVES = YES;
				CLANG_WARN_UNREACHABLE_CODE = YES;
				CLANG_WARN__DUPLICATE_METHOD_MATCH = YES;
				"CODE_SIGN_IDENTITY[sdk=iphoneos*]" = "iPhone Developer";
				COPY_PHASE_STRIP = NO;
				DEBUG_INFORMATION_FORMAT = "dwarf-with-dsym";
				ENABLE_NS_ASSERTIONS = NO;
				ENABLE_STRICT_OBJC_MSGSEND = YES;
				GCC_C_LANGUAGE_STANDARD = gnu99;
				GCC_NO_COMMON_BLOCKS = YES;
				GCC_WARN_64_TO_32_BIT_CONVERSION = YES;
				GCC_WARN_ABOUT_RETURN_TYPE = YES_ERROR;
				GCC_WARN_UNDECLARED_SELECTOR = YES;
				GCC_WARN_UNINITIALIZED_AUTOS = YES_AGGRESSIVE;
				GCC_WARN_UNUSED_FUNCTION = YES;
				GCC_WARN_UNUSED_VARIABLE = YES;
				IPHONEOS_DEPLOYMENT_TARGET = 10.0;
				MTL_ENABLE_DEBUG_INFO = NO;
				SDKROOT = iphoneos;
				TARGETED_DEVICE_FAMILY = "1,2";
				VALIDATE_PRODUCT = YES;
			};
			name = Release;
		};
		D46FBF431F440C0A00AA2005 /* Debug */ = {
			isa = XCBuildConfiguration;
			baseConfigurationReference = ECA75674032FD433E5EA9581 /* Pods-repositoryDemo.debug.xcconfig */;
			buildSettings = {
				ASSETCATALOG_COMPILER_APPICON_NAME = AppIcon;
				INFOPLIST_FILE = repositoryDemo/Info.plist;
				LD_RUNPATH_SEARCH_PATHS = "$(inherited) @executable_path/Frameworks";
				PRODUCT_BUNDLE_IDENTIFIER = com.icfcc.cn.repositoryDemo;
				PRODUCT_NAME = "$(TARGET_NAME)";
			};
			name = Debug;
		};
		D46FBF441F440C0A00AA2005 /* Release */ = {
			isa = XCBuildConfiguration;
			baseConfigurationReference = 4ADF20037081D31662CFA010 /* Pods-repositoryDemo.release.xcconfig */;
			buildSettings = {
				ASSETCATALOG_COMPILER_APPICON_NAME = AppIcon;
				INFOPLIST_FILE = repositoryDemo/Info.plist;
				LD_RUNPATH_SEARCH_PATHS = "$(inherited) @executable_path/Frameworks";
				PRODUCT_BUNDLE_IDENTIFIER = com.icfcc.cn.repositoryDemo;
				PRODUCT_NAME = "$(TARGET_NAME)";
			};
			name = Release;
		};
		D46FBF461F440C0A00AA2005 /* Debug */ = {
			isa = XCBuildConfiguration;
			buildSettings = {
				BUNDLE_LOADER = "$(TEST_HOST)";
				INFOPLIST_FILE = repositoryDemoTests/Info.plist;
				LD_RUNPATH_SEARCH_PATHS = "$(inherited) @executable_path/Frameworks @loader_path/Frameworks";
				PRODUCT_BUNDLE_IDENTIFIER = com.icfcc.cn.repositoryDemoTests;
				PRODUCT_NAME = "$(TARGET_NAME)";
				TEST_HOST = "$(BUILT_PRODUCTS_DIR)/repositoryDemo.app/repositoryDemo";
			};
			name = Debug;
		};
		D46FBF471F440C0A00AA2005 /* Release */ = {
			isa = XCBuildConfiguration;
			buildSettings = {
				BUNDLE_LOADER = "$(TEST_HOST)";
				INFOPLIST_FILE = repositoryDemoTests/Info.plist;
				LD_RUNPATH_SEARCH_PATHS = "$(inherited) @executable_path/Frameworks @loader_path/Frameworks";
				PRODUCT_BUNDLE_IDENTIFIER = com.icfcc.cn.repositoryDemoTests;
				PRODUCT_NAME = "$(TARGET_NAME)";
				TEST_HOST = "$(BUILT_PRODUCTS_DIR)/repositoryDemo.app/repositoryDemo";
			};
			name = Release;
		};
		D46FBF491F440C0A00AA2005 /* Debug */ = {
			isa = XCBuildConfiguration;
			buildSettings = {
				INFOPLIST_FILE = repositoryDemoUITests/Info.plist;
				LD_RUNPATH_SEARCH_PATHS = "$(inherited) @executable_path/Frameworks @loader_path/Frameworks";
				PRODUCT_BUNDLE_IDENTIFIER = com.icfcc.cn.repositoryDemoUITests;
				PRODUCT_NAME = "$(TARGET_NAME)";
				TEST_TARGET_NAME = repositoryDemo;
			};
			name = Debug;
		};
		D46FBF4A1F440C0A00AA2005 /* Release */ = {
			isa = XCBuildConfiguration;
			buildSettings = {
				INFOPLIST_FILE = repositoryDemoUITests/Info.plist;
				LD_RUNPATH_SEARCH_PATHS = "$(inherited) @executable_path/Frameworks @loader_path/Frameworks";
				PRODUCT_BUNDLE_IDENTIFIER = com.icfcc.cn.repositoryDemoUITests;
				PRODUCT_NAME = "$(TARGET_NAME)";
				TEST_TARGET_NAME = repositoryDemo;
			};
			name = Release;
		};
/* End XCBuildConfiguration section */

/* Begin XCConfigurationList section */
		D46FBF101F440C0900AA2005 /* Build configuration list for PBXProject "repositoryDemo" */ = {
			isa = XCConfigurationList;
			buildConfigurations = (
				D46FBF401F440C0A00AA2005 /* Debug */,
				D46FBF411F440C0A00AA2005 /* Release */,
			);
			defaultConfigurationIsVisible = 0;
			defaultConfigurationName = Release;
		};
		D46FBF421F440C0A00AA2005 /* Build configuration list for PBXNativeTarget "repositoryDemo" */ = {
			isa = XCConfigurationList;
			buildConfigurations = (
				D46FBF431F440C0A00AA2005 /* Debug */,
				D46FBF441F440C0A00AA2005 /* Release */,
			);
			defaultConfigurationIsVisible = 0;
			defaultConfigurationName = Release;
		};
		D46FBF451F440C0A00AA2005 /* Build configuration list for PBXNativeTarget "repositoryDemoTests" */ = {
			isa = XCConfigurationList;
			buildConfigurations = (
				D46FBF461F440C0A00AA2005 /* Debug */,
				D46FBF471F440C0A00AA2005 /* Release */,
			);
			defaultConfigurationIsVisible = 0;
			defaultConfigurationName = Release;
		};
		D46FBF481F440C0A00AA2005 /* Build configuration list for PBXNativeTarget "repositoryDemoUITests" */ = {
			isa = XCConfigurationList;
			buildConfigurations = (
				D46FBF491F440C0A00AA2005 /* Debug */,
				D46FBF4A1F440C0A00AA2005 /* Release */,
			);
			defaultConfigurationIsVisible = 0;
			defaultConfigurationName = Release;
		};
/* End XCConfigurationList section */
	};
	rootObject = D46FBF0D1F440C0900AA2005 /* Project object */;
}
